{
  "requires": true,
  "lockfileVersion": 1,
  "dependencies": {
    "jquery": {
      "version": "3.4.1",
      "resolved": "https://registry.npmjs.org/jquery/-/jquery-3.4.1.tgz",
      "integrity": "sha512-36+AdBzCL+y6qjw5Tx7HgzeGCzC81MDDgaUP8ld2zhx58HdqXGoBd+tHdrBMiyjGQs0Hxs/MLZTu/eHNJJuWPw=="
    },
    "lightgallery": {
      "version": "1.6.12",
      "resolved": "https://registry.npmjs.org/lightgallery/-/lightgallery-1.6.12.tgz",
      "integrity": "sha512-t8hIgZc3ZvGW9pG8Bd68bXcUj7FWGewaroT7ADYo2fvQTgkqcMMLtXw9yQclS7BF0soadA0B6BN3MWOEiS2pYA==",
      "requires": {
        "jquery": ">=1.7.0"
      }
    }
  }
}
